
Microsoft Visual Studio Solution File, Format Version 12.00
# Visual Studio Version 17
VisualStudioVersion = 17.6.33815.320
MinimumVisualStudioVersion = 10.0.40219.1
Project("{2150E333-8FDC-42A3-9474-1A3956D46DE8}") = "proto", "proto", "{073BA061-10A8-4F4C-A0BB-7AC6AE225A9C}"
	ProjectSection(SolutionItems) = preProject
		average.proto = average.proto
		blog.proto = blog.proto
		calculator.proto = calculator.proto
		dummy.proto = dummy.proto
		greeting.proto = greeting.proto
		max.proto = max.proto
		prime.proto = prime.proto
		sqrt.proto = sqrt.proto
	EndProjectSection
EndProject
Project("{9A19103F-16F7-4668-BE54-9A1E7A4F7556}") = "AppClient", "AppClient\AppClient.csproj", "{235C74E5-AA54-43BA-8025-F14D2191DDD4}"
EndProject
Project("{9A19103F-16F7-4668-BE54-9A1E7A4F7556}") = "AppServer", "AppServer\AppServer.csproj", "{8BC367CD-0D29-4D37-B44D-7730D1DFA18A}"
EndProject
Global
	GlobalSection(SolutionConfigurationPlatforms) = preSolution
		Debug|Any CPU = Debug|Any CPU
		Release|Any CPU = Release|Any CPU
	EndGlobalSection
	GlobalSection(ProjectConfigurationPlatforms) = postSolution
		{235C74E5-AA54-43BA-8025-F14D2191DDD4}.Debug|Any CPU.ActiveCfg = Debug|Any CPU
		{235C74E5-AA54-43BA-8025-F14D2191DDD4}.Debug|Any CPU.Build.0 = Debug|Any CPU
		{235C74E5-AA54-43BA-8025-F14D2191DDD4}.Release|Any CPU.ActiveCfg = Release|Any CPU
		{235C74E5-AA54-43BA-8025-F14D2191DDD4}.Release|Any CPU.Build.0 = Release|Any CPU
		{8BC367CD-0D29-4D37-B44D-7730D1DFA18A}.Debug|Any CPU.ActiveCfg = Debug|Any CPU
		{8BC367CD-0D29-4D37-B44D-7730D1DFA18A}.Debug|Any CPU.Build.0 = Debug|Any CPU
		{8BC367CD-0D29-4D37-B44D-7730D1DFA18A}.Release|Any CPU.ActiveCfg = Release|Any CPU
		{8BC367CD-0D29-4D37-B44D-7730D1DFA18A}.Release|Any CPU.Build.0 = Release|Any CPU
	EndGlobalSection
	GlobalSection(SolutionProperties) = preSolution
		HideSolutionNode = FALSE
	EndGlobalSection
	GlobalSection(ExtensibilityGlobals) = postSolution
		SolutionGuid = {FE26E898-2D05-49D7-91CA-D86D97FA3489}
	EndGlobalSection
EndGlobal
